// !$*UTF8*$!
{
	archiveVersion = 1;
	classes = {
	};
	objectVersion = 56;
	objects = {

/* Begin PBXBuildFile section */
		8F186A462A7C388100C32495 /* ScoreBoard.swift in Sources */ = {isa = PBXBuildFile; fileRef = 8F186A452A7C388100C32495 /* ScoreBoard.swift */; };
		8F186A492A7C421800C32495 /* MatchCard.swift in Sources */ = {isa = PBXBuildFile; fileRef = 8F186A482A7C421800C32495 /* MatchCard.swift */; };
		8F186A4B2A7C4C1300C32495 /* LeagueInfoView.swift in Sources */ = {isa = PBXBuildFile; fileRef = 8F186A4A2A7C4C1300C32495 /* LeagueInfoView.swift */; };
		8F186A4D2A7C6BC200C32495 /* Splash.swift in Sources */ = {isa = PBXBuildFile; fileRef = 8F186A4C2A7C6BC200C32495 /* Splash.swift */; };
		8F3024542A83DD590018D39C /* Date+Extensions.swift in Sources */ = {isa = PBXBuildFile; fileRef = 8F3024532A83DD590018D39C /* Date+Extensions.swift */; };
		8F3024552A841A280018D39C /* Color.swift in Sources */ = {isa = PBXBuildFile; fileRef = 8FDE6FF82A7AF21700908679 /* Color.swift */; };
		8F3024562A841A290018D39C /* Color.swift in Sources */ = {isa = PBXBuildFile; fileRef = 8FDE6FF82A7AF21700908679 /* Color.swift */; };
		8F3592C42A7C159D008A138C /* Match+Extensions.swift in Sources */ = {isa = PBXBuildFile; fileRef = 8F3592C32A7C159D008A138C /* Match+Extensions.swift */; };
		8F3592C62A7C17E3008A138C /* ViewRouter.swift in Sources */ = {isa = PBXBuildFile; fileRef = 8F3592C52A7C17E3008A138C /* ViewRouter.swift */; };
		8F74FB1B2A8295AD00233A19 /* Roboto-Light.ttf in Resources */ = {isa = PBXBuildFile; fileRef = 8F74FB0F2A8295AD00233A19 /* Roboto-Light.ttf */; };
		8F74FB1C2A8295AD00233A19 /* Roboto-Light.ttf in Resources */ = {isa = PBXBuildFile; fileRef = 8F74FB0F2A8295AD00233A19 /* Roboto-Light.ttf */; };
		8F74FB1D2A8295AD00233A19 /* Roboto-Light.ttf in Resources */ = {isa = PBXBuildFile; fileRef = 8F74FB0F2A8295AD00233A19 /* Roboto-Light.ttf */; };
		8F74FB1E2A8295AD00233A19 /* Roboto-Bold.ttf in Resources */ = {isa = PBXBuildFile; fileRef = 8F74FB102A8295AD00233A19 /* Roboto-Bold.ttf */; };
		8F74FB1F2A8295AD00233A19 /* Roboto-Bold.ttf in Resources */ = {isa = PBXBuildFile; fileRef = 8F74FB102A8295AD00233A19 /* Roboto-Bold.ttf */; };
		8F74FB202A8295AD00233A19 /* Roboto-Bold.ttf in Resources */ = {isa = PBXBuildFile; fileRef = 8F74FB102A8295AD00233A19 /* Roboto-Bold.ttf */; };
		8F74FB212A8295AD00233A19 /* Roboto-Regular.ttf in Resources */ = {isa = PBXBuildFile; fileRef = 8F74FB112A8295AD00233A19 /* Roboto-Regular.ttf */; };
		8F74FB222A8295AD00233A19 /* Roboto-Regular.ttf in Resources */ = {isa = PBXBuildFile; fileRef = 8F74FB112A8295AD00233A19 /* Roboto-Regular.ttf */; };
		8F74FB232A8295AD00233A19 /* Roboto-Regular.ttf in Resources */ = {isa = PBXBuildFile; fileRef = 8F74FB112A8295AD00233A19 /* Roboto-Regular.ttf */; };
		8F74FB242A8295AD00233A19 /* Roboto-LightItalic.ttf in Resources */ = {isa = PBXBuildFile; fileRef = 8F74FB122A8295AD00233A19 /* Roboto-LightItalic.ttf */; };
		8F74FB252A8295AD00233A19 /* Roboto-LightItalic.ttf in Resources */ = {isa = PBXBuildFile; fileRef = 8F74FB122A8295AD00233A19 /* Roboto-LightItalic.ttf */; };
		8F74FB262A8295AD00233A19 /* Roboto-LightItalic.ttf in Resources */ = {isa = PBXBuildFile; fileRef = 8F74FB122A8295AD00233A19 /* Roboto-LightItalic.ttf */; };
		8F74FB272A8295AD00233A19 /* Roboto-Italic.ttf in Resources */ = {isa = PBXBuildFile; fileRef = 8F74FB132A8295AD00233A19 /* Roboto-Italic.ttf */; };
		8F74FB282A8295AD00233A19 /* Roboto-Italic.ttf in Resources */ = {isa = PBXBuildFile; fileRef = 8F74FB132A8295AD00233A19 /* Roboto-Italic.ttf */; };
		8F74FB292A8295AD00233A19 /* Roboto-Italic.ttf in Resources */ = {isa = PBXBuildFile; fileRef = 8F74FB132A8295AD00233A19 /* Roboto-Italic.ttf */; };
		8F74FB2A2A8295AD00233A19 /* Roboto-BlackItalic.ttf in Resources */ = {isa = PBXBuildFile; fileRef = 8F74FB142A8295AD00233A19 /* Roboto-BlackItalic.ttf */; };
		8F74FB2B2A8295AD00233A19 /* Roboto-BlackItalic.ttf in Resources */ = {isa = PBXBuildFile; fileRef = 8F74FB142A8295AD00233A19 /* Roboto-BlackItalic.ttf */; };
		8F74FB2C2A8295AD00233A19 /* Roboto-BlackItalic.ttf in Resources */ = {isa = PBXBuildFile; fileRef = 8F74FB142A8295AD00233A19 /* Roboto-BlackItalic.ttf */; };
		8F74FB2D2A8295AD00233A19 /* Roboto-MediumItalic.ttf in Resources */ = {isa = PBXBuildFile; fileRef = 8F74FB152A8295AD00233A19 /* Roboto-MediumItalic.ttf */; };
		8F74FB2E2A8295AD00233A19 /* Roboto-MediumItalic.ttf in Resources */ = {isa = PBXBuildFile; fileRef = 8F74FB152A8295AD00233A19 /* Roboto-MediumItalic.ttf */; };
		8F74FB2F2A8295AD00233A19 /* Roboto-MediumItalic.ttf in Resources */ = {isa = PBXBuildFile; fileRef = 8F74FB152A8295AD00233A19 /* Roboto-MediumItalic.ttf */; };
		8F74FB302A8295AD00233A19 /* Roboto-BoldItalic.ttf in Resources */ = {isa = PBXBuildFile; fileRef = 8F74FB162A8295AD00233A19 /* Roboto-BoldItalic.ttf */; };
		8F74FB312A8295AD00233A19 /* Roboto-BoldItalic.ttf in Resources */ = {isa = PBXBuildFile; fileRef = 8F74FB162A8295AD00233A19 /* Roboto-BoldItalic.ttf */; };
		8F74FB322A8295AD00233A19 /* Roboto-BoldItalic.ttf in Resources */ = {isa = PBXBuildFile; fileRef = 8F74FB162A8295AD00233A19 /* Roboto-BoldItalic.ttf */; };
		8F74FB332A8295AD00233A19 /* Roboto-Thin.ttf in Resources */ = {isa = PBXBuildFile; fileRef = 8F74FB172A8295AD00233A19 /* Roboto-Thin.ttf */; };
		8F74FB342A8295AD00233A19 /* Roboto-Thin.ttf in Resources */ = {isa = PBXBuildFile; fileRef = 8F74FB172A8295AD00233A19 /* Roboto-Thin.ttf */; };
		8F74FB352A8295AD00233A19 /* Roboto-Thin.ttf in Resources */ = {isa = PBXBuildFile; fileRef = 8F74FB172A8295AD00233A19 /* Roboto-Thin.ttf */; };
		8F74FB362A8295AD00233A19 /* Roboto-Black.ttf in Resources */ = {isa = PBXBuildFile; fileRef = 8F74FB182A8295AD00233A19 /* Roboto-Black.ttf */; };
		8F74FB372A8295AD00233A19 /* Roboto-Black.ttf in Resources */ = {isa = PBXBuildFile; fileRef = 8F74FB182A8295AD00233A19 /* Roboto-Black.ttf */; };
		8F74FB382A8295AD00233A19 /* Roboto-Black.ttf in Resources */ = {isa = PBXBuildFile; fileRef = 8F74FB182A8295AD00233A19 /* Roboto-Black.ttf */; };
		8F74FB392A8295AD00233A19 /* Roboto-Medium.ttf in Resources */ = {isa = PBXBuildFile; fileRef = 8F74FB192A8295AD00233A19 /* Roboto-Medium.ttf */; };
		8F74FB3A2A8295AD00233A19 /* Roboto-Medium.ttf in Resources */ = {isa = PBXBuildFile; fileRef = 8F74FB192A8295AD00233A19 /* Roboto-Medium.ttf */; };
		8F74FB3B2A8295AD00233A19 /* Roboto-Medium.ttf in Resources */ = {isa = PBXBuildFile; fileRef = 8F74FB192A8295AD00233A19 /* Roboto-Medium.ttf */; };
		8F74FB3C2A8295AD00233A19 /* Roboto-ThinItalic.ttf in Resources */ = {isa = PBXBuildFile; fileRef = 8F74FB1A2A8295AD00233A19 /* Roboto-ThinItalic.ttf */; };
		8F74FB3D2A8295AD00233A19 /* Roboto-ThinItalic.ttf in Resources */ = {isa = PBXBuildFile; fileRef = 8F74FB1A2A8295AD00233A19 /* Roboto-ThinItalic.ttf */; };
		8F74FB3E2A8295AD00233A19 /* Roboto-ThinItalic.ttf in Resources */ = {isa = PBXBuildFile; fileRef = 8F74FB1A2A8295AD00233A19 /* Roboto-ThinItalic.ttf */; };
		8F74FB452A82B24A00233A19 /* BadgeView.swift in Sources */ = {isa = PBXBuildFile; fileRef = 8F74FB442A82B24A00233A19 /* BadgeView.swift */; };
		8F74FB462A82B24A00233A19 /* BadgeView.swift in Sources */ = {isa = PBXBuildFile; fileRef = 8F74FB442A82B24A00233A19 /* BadgeView.swift */; };
		8F74FB472A82B24A00233A19 /* BadgeView.swift in Sources */ = {isa = PBXBuildFile; fileRef = 8F74FB442A82B24A00233A19 /* BadgeView.swift */; };
		8F74FB492A82BDB400233A19 /* ColectionReusableView+Extensions.swift in Sources */ = {isa = PBXBuildFile; fileRef = 8F74FB482A82BDB400233A19 /* ColectionReusableView+Extensions.swift */; };
		8F74FB4A2A82BDB400233A19 /* ColectionReusableView+Extensions.swift in Sources */ = {isa = PBXBuildFile; fileRef = 8F74FB482A82BDB400233A19 /* ColectionReusableView+Extensions.swift */; };
		8F74FB4B2A82BDB400233A19 /* ColectionReusableView+Extensions.swift in Sources */ = {isa = PBXBuildFile; fileRef = 8F74FB482A82BDB400233A19 /* ColectionReusableView+Extensions.swift */; };
		8F74FB4D2A82D13B00233A19 /* PlayerCardTeamA.swift in Sources */ = {isa = PBXBuildFile; fileRef = 8F74FB4C2A82D13B00233A19 /* PlayerCardTeamA.swift */; };
		8F74FB4E2A82D13B00233A19 /* PlayerCardTeamA.swift in Sources */ = {isa = PBXBuildFile; fileRef = 8F74FB4C2A82D13B00233A19 /* PlayerCardTeamA.swift */; };
		8F74FB4F2A82D13B00233A19 /* PlayerCardTeamA.swift in Sources */ = {isa = PBXBuildFile; fileRef = 8F74FB4C2A82D13B00233A19 /* PlayerCardTeamA.swift */; };
		8F7FE4A22A7C802D006D8F44 /* matches.json in Resources */ = {isa = PBXBuildFile; fileRef = 8F7FE4A12A7C802D006D8F44 /* matches.json */; };
		8F7FE4A52A7D3BB2006D8F44 /* MatchUseCase.swift in Sources */ = {isa = PBXBuildFile; fileRef = 8F7FE4A42A7D3BB2006D8F44 /* MatchUseCase.swift */; };
		8F7FE4A92A7D7565006D8F44 /* MatchDetail.swift in Sources */ = {isa = PBXBuildFile; fileRef = 8F7FE4A82A7D7565006D8F44 /* MatchDetail.swift */; };
		8F8068442A7B049C00AA91A6 /* UserDefaults+Extensions.swift in Sources */ = {isa = PBXBuildFile; fileRef = 8F8068342A7B049C00AA91A6 /* UserDefaults+Extensions.swift */; };
		8F8068452A7B049C00AA91A6 /* Color+Extensions.swift in Sources */ = {isa = PBXBuildFile; fileRef = 8F8068352A7B049C00AA91A6 /* Color+Extensions.swift */; };
		8F8068462A7B049C00AA91A6 /* NetworkError+Extensions.swift in Sources */ = {isa = PBXBuildFile; fileRef = 8F8068362A7B049C00AA91A6 /* NetworkError+Extensions.swift */; };
		8F80684D2A7B049C00AA91A6 /* Match.swift in Sources */ = {isa = PBXBuildFile; fileRef = 8F80683E2A7B049C00AA91A6 /* Match.swift */; };
		8F8068552A7BDCE500AA91A6 /* HTTPClient.swift in Sources */ = {isa = PBXBuildFile; fileRef = 8F8068542A7BDCE500AA91A6 /* HTTPClient.swift */; };
		8F8068572A7BDE2000AA91A6 /* HTTPMethod.swift in Sources */ = {isa = PBXBuildFile; fileRef = 8F8068562A7BDE2000AA91A6 /* HTTPMethod.swift */; };
		8F8068592A7BDE4000AA91A6 /* HTTPResource.swift in Sources */ = {isa = PBXBuildFile; fileRef = 8F8068582A7BDE4000AA91A6 /* HTTPResource.swift */; };
		8F80685B2A7BDE5A00AA91A6 /* HTTPNetworkError.swift in Sources */ = {isa = PBXBuildFile; fileRef = 8F80685A2A7BDE5A00AA91A6 /* HTTPNetworkError.swift */; };
		8F80685E2A7BE0FD00AA91A6 /* MatchModel.swift in Sources */ = {isa = PBXBuildFile; fileRef = 8F80685D2A7BE0FD00AA91A6 /* MatchModel.swift */; };
		8F8068612A7BE4BD00AA91A6 /* Constants.swift in Sources */ = {isa = PBXBuildFile; fileRef = 8F8068602A7BE4BD00AA91A6 /* Constants.swift */; };
		8F8068642A7BF07C00AA91A6 /* MatchList.swift in Sources */ = {isa = PBXBuildFile; fileRef = 8F8068632A7BF07C00AA91A6 /* MatchList.swift */; };
		8FDE6FCE2A7AF08F00908679 /* FuzeCSMatchApp.swift in Sources */ = {isa = PBXBuildFile; fileRef = 8FDE6FCD2A7AF08F00908679 /* FuzeCSMatchApp.swift */; };
		8FDE6FD02A7AF08F00908679 /* ContentView.swift in Sources */ = {isa = PBXBuildFile; fileRef = 8FDE6FCF2A7AF08F00908679 /* ContentView.swift */; };
		8FDE6FD22A7AF09000908679 /* Assets.xcassets in Resources */ = {isa = PBXBuildFile; fileRef = 8FDE6FD12A7AF09000908679 /* Assets.xcassets */; };
		8FDE6FD52A7AF09000908679 /* Preview Assets.xcassets in Resources */ = {isa = PBXBuildFile; fileRef = 8FDE6FD42A7AF09000908679 /* Preview Assets.xcassets */; };
		8FDE6FDF2A7AF09000908679 /* FuzeCSMatchTests.swift in Sources */ = {isa = PBXBuildFile; fileRef = 8FDE6FDE2A7AF09000908679 /* FuzeCSMatchTests.swift */; };
		8FDE6FE92A7AF09000908679 /* FuzeCSMatchUITests.swift in Sources */ = {isa = PBXBuildFile; fileRef = 8FDE6FE82A7AF09000908679 /* FuzeCSMatchUITests.swift */; };
		8FDE6FEB2A7AF09000908679 /* FuzeCSMatchUITestsLaunchTests.swift in Sources */ = {isa = PBXBuildFile; fileRef = 8FDE6FEA2A7AF09000908679 /* FuzeCSMatchUITestsLaunchTests.swift */; };
		8FDE6FF92A7AF21700908679 /* Color.swift in Sources */ = {isa = PBXBuildFile; fileRef = 8FDE6FF82A7AF21700908679 /* Color.swift */; };
/* End PBXBuildFile section */

/* Begin PBXContainerItemProxy section */
		8FDE6FDB2A7AF09000908679 /* PBXContainerItemProxy */ = {
			isa = PBXContainerItemProxy;
			containerPortal = 8FDE6FC22A7AF08E00908679 /* Project object */;
			proxyType = 1;
			remoteGlobalIDString = 8FDE6FC92A7AF08E00908679;
			remoteInfo = FuzeCSMatch;
		};
		8FDE6FE52A7AF09000908679 /* PBXContainerItemProxy */ = {
			isa = PBXContainerItemProxy;
			containerPortal = 8FDE6FC22A7AF08E00908679 /* Project object */;
			proxyType = 1;
			remoteGlobalIDString = 8FDE6FC92A7AF08E00908679;
			remoteInfo = FuzeCSMatch;
		};
/* End PBXContainerItemProxy section */

/* Begin PBXFileReference section */
		8F186A452A7C388100C32495 /* ScoreBoard.swift */ = {isa = PBXFileReference; lastKnownFileType = sourcecode.swift; path = ScoreBoard.swift; sourceTree = "<group>"; };
		8F186A482A7C421800C32495 /* MatchCard.swift */ = {isa = PBXFileReference; lastKnownFileType = sourcecode.swift; path = MatchCard.swift; sourceTree = "<group>"; };
		8F186A4A2A7C4C1300C32495 /* LeagueInfoView.swift */ = {isa = PBXFileReference; lastKnownFileType = sourcecode.swift; path = LeagueInfoView.swift; sourceTree = "<group>"; };
		8F186A4C2A7C6BC200C32495 /* Splash.swift */ = {isa = PBXFileReference; lastKnownFileType = sourcecode.swift; path = Splash.swift; sourceTree = "<group>"; };
		8F3024532A83DD590018D39C /* Date+Extensions.swift */ = {isa = PBXFileReference; lastKnownFileType = sourcecode.swift; path = "Date+Extensions.swift"; sourceTree = "<group>"; };
		8F3592C32A7C159D008A138C /* Match+Extensions.swift */ = {isa = PBXFileReference; lastKnownFileType = sourcecode.swift; path = "Match+Extensions.swift"; sourceTree = "<group>"; };
		8F3592C52A7C17E3008A138C /* ViewRouter.swift */ = {isa = PBXFileReference; lastKnownFileType = sourcecode.swift; path = ViewRouter.swift; sourceTree = "<group>"; };
		8F74FB0F2A8295AD00233A19 /* Roboto-Light.ttf */ = {isa = PBXFileReference; lastKnownFileType = file; path = "Roboto-Light.ttf"; sourceTree = "<group>"; };
		8F74FB102A8295AD00233A19 /* Roboto-Bold.ttf */ = {isa = PBXFileReference; lastKnownFileType = file; path = "Roboto-Bold.ttf"; sourceTree = "<group>"; };
		8F74FB112A8295AD00233A19 /* Roboto-Regular.ttf */ = {isa = PBXFileReference; lastKnownFileType = file; path = "Roboto-Regular.ttf"; sourceTree = "<group>"; };
		8F74FB122A8295AD00233A19 /* Roboto-LightItalic.ttf */ = {isa = PBXFileReference; lastKnownFileType = file; path = "Roboto-LightItalic.ttf"; sourceTree = "<group>"; };
		8F74FB132A8295AD00233A19 /* Roboto-Italic.ttf */ = {isa = PBXFileReference; lastKnownFileType = file; path = "Roboto-Italic.ttf"; sourceTree = "<group>"; };
		8F74FB142A8295AD00233A19 /* Roboto-BlackItalic.ttf */ = {isa = PBXFileReference; lastKnownFileType = file; path = "Roboto-BlackItalic.ttf"; sourceTree = "<group>"; };
		8F74FB152A8295AD00233A19 /* Roboto-MediumItalic.ttf */ = {isa = PBXFileReference; lastKnownFileType = file; path = "Roboto-MediumItalic.ttf"; sourceTree = "<group>"; };
		8F74FB162A8295AD00233A19 /* Roboto-BoldItalic.ttf */ = {isa = PBXFileReference; lastKnownFileType = file; path = "Roboto-BoldItalic.ttf"; sourceTree = "<group>"; };
		8F74FB172A8295AD00233A19 /* Roboto-Thin.ttf */ = {isa = PBXFileReference; lastKnownFileType = file; path = "Roboto-Thin.ttf"; sourceTree = "<group>"; };
		8F74FB182A8295AD00233A19 /* Roboto-Black.ttf */ = {isa = PBXFileReference; lastKnownFileType = file; path = "Roboto-Black.ttf"; sourceTree = "<group>"; };
		8F74FB192A8295AD00233A19 /* Roboto-Medium.ttf */ = {isa = PBXFileReference; lastKnownFileType = file; path = "Roboto-Medium.ttf"; sourceTree = "<group>"; };
		8F74FB1A2A8295AD00233A19 /* Roboto-ThinItalic.ttf */ = {isa = PBXFileReference; lastKnownFileType = file; path = "Roboto-ThinItalic.ttf"; sourceTree = "<group>"; };
		8F74FB3F2A8295E400233A19 /* Info.plist */ = {isa = PBXFileReference; lastKnownFileType = text.plist; path = Info.plist; sourceTree = "<group>"; };
		8F74FB442A82B24A00233A19 /* BadgeView.swift */ = {isa = PBXFileReference; lastKnownFileType = sourcecode.swift; path = BadgeView.swift; sourceTree = "<group>"; };
		8F74FB482A82BDB400233A19 /* ColectionReusableView+Extensions.swift */ = {isa = PBXFileReference; lastKnownFileType = sourcecode.swift; path = "ColectionReusableView+Extensions.swift"; sourceTree = "<group>"; };
		8F74FB4C2A82D13B00233A19 /* PlayerCardTeamA.swift */ = {isa = PBXFileReference; lastKnownFileType = sourcecode.swift; path = PlayerCardTeamA.swift; sourceTree = "<group>"; };
		8F7FE4A12A7C802D006D8F44 /* matches.json */ = {isa = PBXFileReference; lastKnownFileType = text.json; path = matches.json; sourceTree = "<group>"; };
		8F7FE4A42A7D3BB2006D8F44 /* MatchUseCase.swift */ = {isa = PBXFileReference; lastKnownFileType = sourcecode.swift; path = MatchUseCase.swift; sourceTree = "<group>"; };
		8F7FE4A82A7D7565006D8F44 /* MatchDetail.swift */ = {isa = PBXFileReference; lastKnownFileType = sourcecode.swift; path = MatchDetail.swift; sourceTree = "<group>"; };
		8F8068342A7B049C00AA91A6 /* UserDefaults+Extensions.swift */ = {isa = PBXFileReference; fileEncoding = 4; lastKnownFileType = sourcecode.swift; path = "UserDefaults+Extensions.swift"; sourceTree = "<group>"; };
		8F8068352A7B049C00AA91A6 /* Color+Extensions.swift */ = {isa = PBXFileReference; fileEncoding = 4; lastKnownFileType = sourcecode.swift; path = "Color+Extensions.swift"; sourceTree = "<group>"; };
		8F8068362A7B049C00AA91A6 /* NetworkError+Extensions.swift */ = {isa = PBXFileReference; fileEncoding = 4; lastKnownFileType = sourcecode.swift; path = "NetworkError+Extensions.swift"; sourceTree = "<group>"; };
		8F80683E2A7B049C00AA91A6 /* Match.swift */ = {isa = PBXFileReference; fileEncoding = 4; lastKnownFileType = sourcecode.swift; path = Match.swift; sourceTree = "<group>"; };
		8F8068542A7BDCE500AA91A6 /* HTTPClient.swift */ = {isa = PBXFileReference; lastKnownFileType = sourcecode.swift; path = HTTPClient.swift; sourceTree = "<group>"; };
		8F8068562A7BDE2000AA91A6 /* HTTPMethod.swift */ = {isa = PBXFileReference; lastKnownFileType = sourcecode.swift; path = HTTPMethod.swift; sourceTree = "<group>"; };
		8F8068582A7BDE4000AA91A6 /* HTTPResource.swift */ = {isa = PBXFileReference; lastKnownFileType = sourcecode.swift; path = HTTPResource.swift; sourceTree = "<group>"; };
		8F80685A2A7BDE5A00AA91A6 /* HTTPNetworkError.swift */ = {isa = PBXFileReference; lastKnownFileType = sourcecode.swift; path = HTTPNetworkError.swift; sourceTree = "<group>"; };
		8F80685D2A7BE0FD00AA91A6 /* MatchModel.swift */ = {isa = PBXFileReference; lastKnownFileType = sourcecode.swift; path = MatchModel.swift; sourceTree = "<group>"; };
		8F8068602A7BE4BD00AA91A6 /* Constants.swift */ = {isa = PBXFileReference; lastKnownFileType = sourcecode.swift; path = Constants.swift; sourceTree = "<group>"; };
		8F8068632A7BF07C00AA91A6 /* MatchList.swift */ = {isa = PBXFileReference; lastKnownFileType = sourcecode.swift; path = MatchList.swift; sourceTree = "<group>"; };
		8FDE6FCA2A7AF08F00908679 /* FuzeCSMatch.app */ = {isa = PBXFileReference; explicitFileType = wrapper.application; includeInIndex = 0; path = FuzeCSMatch.app; sourceTree = BUILT_PRODUCTS_DIR; };
		8FDE6FCD2A7AF08F00908679 /* FuzeCSMatchApp.swift */ = {isa = PBXFileReference; lastKnownFileType = sourcecode.swift; path = FuzeCSMatchApp.swift; sourceTree = "<group>"; };
		8FDE6FCF2A7AF08F00908679 /* ContentView.swift */ = {isa = PBXFileReference; lastKnownFileType = sourcecode.swift; path = ContentView.swift; sourceTree = "<group>"; };
		8FDE6FD12A7AF09000908679 /* Assets.xcassets */ = {isa = PBXFileReference; lastKnownFileType = folder.assetcatalog; path = Assets.xcassets; sourceTree = "<group>"; };
		8FDE6FD42A7AF09000908679 /* Preview Assets.xcassets */ = {isa = PBXFileReference; lastKnownFileType = folder.assetcatalog; path = "Preview Assets.xcassets"; sourceTree = "<group>"; };
		8FDE6FDA2A7AF09000908679 /* FuzeCSMatchTests.xctest */ = {isa = PBXFileReference; explicitFileType = wrapper.cfbundle; includeInIndex = 0; path = FuzeCSMatchTests.xctest; sourceTree = BUILT_PRODUCTS_DIR; };
		8FDE6FDE2A7AF09000908679 /* FuzeCSMatchTests.swift */ = {isa = PBXFileReference; lastKnownFileType = sourcecode.swift; path = FuzeCSMatchTests.swift; sourceTree = "<group>"; };
		8FDE6FE42A7AF09000908679 /* FuzeCSMatchUITests.xctest */ = {isa = PBXFileReference; explicitFileType = wrapper.cfbundle; includeInIndex = 0; path = FuzeCSMatchUITests.xctest; sourceTree = BUILT_PRODUCTS_DIR; };
		8FDE6FE82A7AF09000908679 /* FuzeCSMatchUITests.swift */ = {isa = PBXFileReference; lastKnownFileType = sourcecode.swift; path = FuzeCSMatchUITests.swift; sourceTree = "<group>"; };
		8FDE6FEA2A7AF09000908679 /* FuzeCSMatchUITestsLaunchTests.swift */ = {isa = PBXFileReference; lastKnownFileType = sourcecode.swift; path = FuzeCSMatchUITestsLaunchTests.swift; sourceTree = "<group>"; };
		8FDE6FF82A7AF21700908679 /* Color.swift */ = {isa = PBXFileReference; lastKnownFileType = sourcecode.swift; path = Color.swift; sourceTree = "<group>"; };
/* End PBXFileReference section */

/* Begin PBXFrameworksBuildPhase section */
		8FDE6FC72A7AF08E00908679 /* Frameworks */ = {
			isa = PBXFrameworksBuildPhase;
			buildActionMask = 2147483647;
			files = (
			);
			runOnlyForDeploymentPostprocessing = 0;
		};
		8FDE6FD72A7AF09000908679 /* Frameworks */ = {
			isa = PBXFrameworksBuildPhase;
			buildActionMask = 2147483647;
			files = (
			);
			runOnlyForDeploymentPostprocessing = 0;
		};
		8FDE6FE12A7AF09000908679 /* Frameworks */ = {
			isa = PBXFrameworksBuildPhase;
			buildActionMask = 2147483647;
			files = (
			);
			runOnlyForDeploymentPostprocessing = 0;
		};
/* End PBXFrameworksBuildPhase section */

/* Begin PBXGroup section */
		8F74FB0E2A82957D00233A19 /* Fonts */ = {
			isa = PBXGroup;
			children = (
				8F74FB182A8295AD00233A19 /* Roboto-Black.ttf */,
				8F74FB142A8295AD00233A19 /* Roboto-BlackItalic.ttf */,
				8F74FB102A8295AD00233A19 /* Roboto-Bold.ttf */,
				8F74FB162A8295AD00233A19 /* Roboto-BoldItalic.ttf */,
				8F74FB132A8295AD00233A19 /* Roboto-Italic.ttf */,
				8F74FB0F2A8295AD00233A19 /* Roboto-Light.ttf */,
				8F74FB122A8295AD00233A19 /* Roboto-LightItalic.ttf */,
				8F74FB192A8295AD00233A19 /* Roboto-Medium.ttf */,
				8F74FB152A8295AD00233A19 /* Roboto-MediumItalic.ttf */,
				8F74FB112A8295AD00233A19 /* Roboto-Regular.ttf */,
				8F74FB172A8295AD00233A19 /* Roboto-Thin.ttf */,
				8F74FB1A2A8295AD00233A19 /* Roboto-ThinItalic.ttf */,
			);
			path = Fonts;
			sourceTree = "<group>";
		};
		8F7FE4A32A7D3B4F006D8F44 /* UseCase */ = {
			isa = PBXGroup;
			children = (
				8F7FE4A42A7D3BB2006D8F44 /* MatchUseCase.swift */,
			);
			path = UseCase;
			sourceTree = "<group>";
		};
		8F8068332A7B049C00AA91A6 /* Extensions */ = {
			isa = PBXGroup;
			children = (
				8F8068342A7B049C00AA91A6 /* UserDefaults+Extensions.swift */,
				8F8068352A7B049C00AA91A6 /* Color+Extensions.swift */,
				8F8068362A7B049C00AA91A6 /* NetworkError+Extensions.swift */,
				8F3592C32A7C159D008A138C /* Match+Extensions.swift */,
				8F74FB482A82BDB400233A19 /* ColectionReusableView+Extensions.swift */,
				8F3024532A83DD590018D39C /* Date+Extensions.swift */,
			);
			path = Extensions;
			sourceTree = "<group>";
		};
		8F8068372A7B049C00AA91A6 /* Models */ = {
			isa = PBXGroup;
			children = (
				8F80685D2A7BE0FD00AA91A6 /* MatchModel.swift */,
				8F3592C52A7C17E3008A138C /* ViewRouter.swift */,
			);
			path = Models;
			sourceTree = "<group>";
		};
		8F8068532A7BDCD400AA91A6 /* Clients */ = {
			isa = PBXGroup;
			children = (
				8F8068542A7BDCE500AA91A6 /* HTTPClient.swift */,
				8F8068562A7BDE2000AA91A6 /* HTTPMethod.swift */,
				8F8068582A7BDE4000AA91A6 /* HTTPResource.swift */,
				8F80685A2A7BDE5A00AA91A6 /* HTTPNetworkError.swift */,
			);
			path = Clients;
			sourceTree = "<group>";
		};
		8F80685C2A7BE0D800AA91A6 /* DTO */ = {
			isa = PBXGroup;
			children = (
				8F80683E2A7B049C00AA91A6 /* Match.swift */,
			);
			path = DTO;
			sourceTree = "<group>";
		};
		8F80685F2A7BE49200AA91A6 /* Constants */ = {
			isa = PBXGroup;
			children = (
				8F8068602A7BE4BD00AA91A6 /* Constants.swift */,
			);
			path = Constants;
			sourceTree = "<group>";
		};
		8F8068622A7BF05A00AA91A6 /* Screens */ = {
			isa = PBXGroup;
			children = (
				8F8068632A7BF07C00AA91A6 /* MatchList.swift */,
				8F186A4C2A7C6BC200C32495 /* Splash.swift */,
				8F7FE4A82A7D7565006D8F44 /* MatchDetail.swift */,
			);
			path = Screens;
			sourceTree = "<group>";
		};
		8FDE6FC12A7AF08E00908679 = {
			isa = PBXGroup;
			children = (
				8FDE6FCC2A7AF08F00908679 /* FuzeCSMatch */,
				8FDE6FDD2A7AF09000908679 /* FuzeCSMatchTests */,
				8FDE6FE72A7AF09000908679 /* FuzeCSMatchUITests */,
				8FDE6FCB2A7AF08F00908679 /* Products */,
			);
			sourceTree = "<group>";
		};
		8FDE6FCB2A7AF08F00908679 /* Products */ = {
			isa = PBXGroup;
			children = (
				8FDE6FCA2A7AF08F00908679 /* FuzeCSMatch.app */,
				8FDE6FDA2A7AF09000908679 /* FuzeCSMatchTests.xctest */,
				8FDE6FE42A7AF09000908679 /* FuzeCSMatchUITests.xctest */,
			);
			name = Products;
			sourceTree = "<group>";
		};
		8FDE6FCC2A7AF08F00908679 /* FuzeCSMatch */ = {
			isa = PBXGroup;
			children = (
				8F74FB3F2A8295E400233A19 /* Info.plist */,
				8F74FB0E2A82957D00233A19 /* Fonts */,
				8F7FE4A32A7D3B4F006D8F44 /* UseCase */,
				8F8068622A7BF05A00AA91A6 /* Screens */,
				8F80685F2A7BE49200AA91A6 /* Constants */,
				8F80685C2A7BE0D800AA91A6 /* DTO */,
				8F8068532A7BDCD400AA91A6 /* Clients */,
				8F8068332A7B049C00AA91A6 /* Extensions */,
				8F8068372A7B049C00AA91A6 /* Models */,
				8FDE6FF72A7AF1F800908679 /* View */,
				8FDE6FCD2A7AF08F00908679 /* FuzeCSMatchApp.swift */,
				8FDE6FCF2A7AF08F00908679 /* ContentView.swift */,
				8FDE6FD12A7AF09000908679 /* Assets.xcassets */,
				8FDE6FD32A7AF09000908679 /* Preview Content */,
				8F7FE4A12A7C802D006D8F44 /* matches.json */,
			);
			path = FuzeCSMatch;
			sourceTree = "<group>";
		};
		8FDE6FD32A7AF09000908679 /* Preview Content */ = {
			isa = PBXGroup;
			children = (
				8FDE6FD42A7AF09000908679 /* Preview Assets.xcassets */,
			);
			path = "Preview Content";
			sourceTree = "<group>";
		};
		8FDE6FDD2A7AF09000908679 /* FuzeCSMatchTests */ = {
			isa = PBXGroup;
			children = (
				8FDE6FDE2A7AF09000908679 /* FuzeCSMatchTests.swift */,
			);
			path = FuzeCSMatchTests;
			sourceTree = "<group>";
		};
		8FDE6FE72A7AF09000908679 /* FuzeCSMatchUITests */ = {
			isa = PBXGroup;
			children = (
				8FDE6FE82A7AF09000908679 /* FuzeCSMatchUITests.swift */,
				8FDE6FEA2A7AF09000908679 /* FuzeCSMatchUITestsLaunchTests.swift */,
			);
			path = FuzeCSMatchUITests;
			sourceTree = "<group>";
		};
		8FDE6FF72A7AF1F800908679 /* View */ = {
			isa = PBXGroup;
			children = (
				8FDE6FF82A7AF21700908679 /* Color.swift */,
				8F186A452A7C388100C32495 /* ScoreBoard.swift */,
				8F186A482A7C421800C32495 /* MatchCard.swift */,
				8F186A4A2A7C4C1300C32495 /* LeagueInfoView.swift */,
				8F74FB442A82B24A00233A19 /* BadgeView.swift */,
				8F74FB4C2A82D13B00233A19 /* PlayerCardTeamA.swift */,
			);
			path = View;
			sourceTree = "<group>";
		};
/* End PBXGroup section */

/* Begin PBXNativeTarget section */
		8FDE6FC92A7AF08E00908679 /* FuzeCSMatch */ = {
			isa = PBXNativeTarget;
			buildConfigurationList = 8FDE6FEE2A7AF09000908679 /* Build configuration list for PBXNativeTarget "FuzeCSMatch" */;
			buildPhases = (
				8FDE6FC62A7AF08E00908679 /* Sources */,
				8FDE6FC72A7AF08E00908679 /* Frameworks */,
				8FDE6FC82A7AF08E00908679 /* Resources */,
			);
			buildRules = (
			);
			dependencies = (
			);
			name = FuzeCSMatch;
			productName = FuzeCSMatch;
			productReference = 8FDE6FCA2A7AF08F00908679 /* FuzeCSMatch.app */;
			productType = "com.apple.product-type.application";
		};
		8FDE6FD92A7AF09000908679 /* FuzeCSMatchTests */ = {
			isa = PBXNativeTarget;
			buildConfigurationList = 8FDE6FF12A7AF09000908679 /* Build configuration list for PBXNativeTarget "FuzeCSMatchTests" */;
			buildPhases = (
				8FDE6FD62A7AF09000908679 /* Sources */,
				8FDE6FD72A7AF09000908679 /* Frameworks */,
				8FDE6FD82A7AF09000908679 /* Resources */,
			);
			buildRules = (
			);
			dependencies = (
				8FDE6FDC2A7AF09000908679 /* PBXTargetDependency */,
			);
			name = FuzeCSMatchTests;
			productName = FuzeCSMatchTests;
			productReference = 8FDE6FDA2A7AF09000908679 /* FuzeCSMatchTests.xctest */;
			productType = "com.apple.product-type.bundle.unit-test";
		};
		8FDE6FE32A7AF09000908679 /* FuzeCSMatchUITests */ = {
			isa = PBXNativeTarget;
			buildConfigurationList = 8FDE6FF42A7AF09000908679 /* Build configuration list for PBXNativeTarget "FuzeCSMatchUITests" */;
			buildPhases = (
				8FDE6FE02A7AF09000908679 /* Sources */,
				8FDE6FE12A7AF09000908679 /* Frameworks */,
				8FDE6FE22A7AF09000908679 /* Resources */,
			);
			buildRules = (
			);
			dependencies = (
				8FDE6FE62A7AF09000908679 /* PBXTargetDependency */,
			);
			name = FuzeCSMatchUITests;
			productName = FuzeCSMatchUITests;
			productReference = 8FDE6FE42A7AF09000908679 /* FuzeCSMatchUITests.xctest */;
			productType = "com.apple.product-type.bundle.ui-testing";
		};
/* End PBXNativeTarget section */

/* Begin PBXProject section */
		8FDE6FC22A7AF08E00908679 /* Project object */ = {
			isa = PBXProject;
			attributes = {
				BuildIndependentTargetsInParallel = 1;
				LastSwiftUpdateCheck = 1430;
				LastUpgradeCheck = 1430;
				TargetAttributes = {
					8FDE6FC92A7AF08E00908679 = {
						CreatedOnToolsVersion = 14.3.1;
					};
					8FDE6FD92A7AF09000908679 = {
						CreatedOnToolsVersion = 14.3.1;
						TestTargetID = 8FDE6FC92A7AF08E00908679;
					};
					8FDE6FE32A7AF09000908679 = {
						CreatedOnToolsVersion = 14.3.1;
						TestTargetID = 8FDE6FC92A7AF08E00908679;
					};
				};
			};
			buildConfigurationList = 8FDE6FC52A7AF08E00908679 /* Build configuration list for PBXProject "FuzeCSMatch" */;
			compatibilityVersion = "Xcode 14.0";
			developmentRegion = en;
			hasScannedForEncodings = 0;
			knownRegions = (
				en,
				Base,
			);
			mainGroup = 8FDE6FC12A7AF08E00908679;
			productRefGroup = 8FDE6FCB2A7AF08F00908679 /* Products */;
			projectDirPath = "";
			projectRoot = "";
			targets = (
				8FDE6FC92A7AF08E00908679 /* FuzeCSMatch */,
				8FDE6FD92A7AF09000908679 /* FuzeCSMatchTests */,
				8FDE6FE32A7AF09000908679 /* FuzeCSMatchUITests */,
			);
		};
/* End PBXProject section */

/* Begin PBXResourcesBuildPhase section */
		8FDE6FC82A7AF08E00908679 /* Resources */ = {
			isa = PBXResourcesBuildPhase;
			buildActionMask = 2147483647;
			files = (
				8F74FB3C2A8295AD00233A19 /* Roboto-ThinItalic.ttf in Resources */,
				8F74FB212A8295AD00233A19 /* Roboto-Regular.ttf in Resources */,
				8F74FB302A8295AD00233A19 /* Roboto-BoldItalic.ttf in Resources */,
				8FDE6FD52A7AF09000908679 /* Preview Assets.xcassets in Resources */,
				8F74FB242A8295AD00233A19 /* Roboto-LightItalic.ttf in Resources */,
				8F7FE4A22A7C802D006D8F44 /* matches.json in Resources */,
				8F74FB2A2A8295AD00233A19 /* Roboto-BlackItalic.ttf in Resources */,
				8F74FB1E2A8295AD00233A19 /* Roboto-Bold.ttf in Resources */,
				8F74FB2D2A8295AD00233A19 /* Roboto-MediumItalic.ttf in Resources */,
				8F74FB332A8295AD00233A19 /* Roboto-Thin.ttf in Resources */,
				8F74FB362A8295AD00233A19 /* Roboto-Black.ttf in Resources */,
				8F74FB392A8295AD00233A19 /* Roboto-Medium.ttf in Resources */,
				8F74FB272A8295AD00233A19 /* Roboto-Italic.ttf in Resources */,
				8F74FB1B2A8295AD00233A19 /* Roboto-Light.ttf in Resources */,
				8FDE6FD22A7AF09000908679 /* Assets.xcassets in Resources */,
			);
			runOnlyForDeploymentPostprocessing = 0;
		};
		8FDE6FD82A7AF09000908679 /* Resources */ = {
			isa = PBXResourcesBuildPhase;
			buildActionMask = 2147483647;
			files = (
				8F74FB3D2A8295AD00233A19 /* Roboto-ThinItalic.ttf in Resources */,
				8F74FB222A8295AD00233A19 /* Roboto-Regular.ttf in Resources */,
				8F74FB2B2A8295AD00233A19 /* Roboto-BlackItalic.ttf in Resources */,
				8F74FB312A8295AD00233A19 /* Roboto-BoldItalic.ttf in Resources */,
				8F74FB1F2A8295AD00233A19 /* Roboto-Bold.ttf in Resources */,
				8F74FB282A8295AD00233A19 /* Roboto-Italic.ttf in Resources */,
				8F74FB2E2A8295AD00233A19 /* Roboto-MediumItalic.ttf in Resources */,
				8F74FB252A8295AD00233A19 /* Roboto-LightItalic.ttf in Resources */,
				8F74FB372A8295AD00233A19 /* Roboto-Black.ttf in Resources */,
				8F74FB3A2A8295AD00233A19 /* Roboto-Medium.ttf in Resources */,
				8F74FB1C2A8295AD00233A19 /* Roboto-Light.ttf in Resources */,
				8F74FB342A8295AD00233A19 /* Roboto-Thin.ttf in Resources */,
			);
			runOnlyForDeploymentPostprocessing = 0;
		};
		8FDE6FE22A7AF09000908679 /* Resources */ = {
			isa = PBXResourcesBuildPhase;
			buildActionMask = 2147483647;
			files = (
				8F74FB3E2A8295AD00233A19 /* Roboto-ThinItalic.ttf in Resources */,
				8F74FB232A8295AD00233A19 /* Roboto-Regular.ttf in Resources */,
				8F74FB2C2A8295AD00233A19 /* Roboto-BlackItalic.ttf in Resources */,
				8F74FB322A8295AD00233A19 /* Roboto-BoldItalic.ttf in Resources */,
				8F74FB202A8295AD00233A19 /* Roboto-Bold.ttf in Resources */,
				8F74FB292A8295AD00233A19 /* Roboto-Italic.ttf in Resources */,
				8F74FB2F2A8295AD00233A19 /* Roboto-MediumItalic.ttf in Resources */,
				8F74FB262A8295AD00233A19 /* Roboto-LightItalic.ttf in Resources */,
				8F74FB382A8295AD00233A19 /* Roboto-Black.ttf in Resources */,
				8F74FB3B2A8295AD00233A19 /* Roboto-Medium.ttf in Resources */,
				8F74FB1D2A8295AD00233A19 /* Roboto-Light.ttf in Resources */,
				8F74FB352A8295AD00233A19 /* Roboto-Thin.ttf in Resources */,
			);
			runOnlyForDeploymentPostprocessing = 0;
		};
/* End PBXResourcesBuildPhase section */

/* Begin PBXSourcesBuildPhase section */
		8FDE6FC62A7AF08E00908679 /* Sources */ = {
			isa = PBXSourcesBuildPhase;
			buildActionMask = 2147483647;
			files = (
				8F80685E2A7BE0FD00AA91A6 /* MatchModel.swift in Sources */,
				8F74FB492A82BDB400233A19 /* ColectionReusableView+Extensions.swift in Sources */,
				8F80685B2A7BDE5A00AA91A6 /* HTTPNetworkError.swift in Sources */,
				8F3592C42A7C159D008A138C /* Match+Extensions.swift in Sources */,
				8F8068452A7B049C00AA91A6 /* Color+Extensions.swift in Sources */,
				8F186A4B2A7C4C1300C32495 /* LeagueInfoView.swift in Sources */,
				8FDE6FD02A7AF08F00908679 /* ContentView.swift in Sources */,
				8F186A462A7C388100C32495 /* ScoreBoard.swift in Sources */,
				8F3024542A83DD590018D39C /* Date+Extensions.swift in Sources */,
				8F8068642A7BF07C00AA91A6 /* MatchList.swift in Sources */,
				8FDE6FCE2A7AF08F00908679 /* FuzeCSMatchApp.swift in Sources */,
				8F74FB4D2A82D13B00233A19 /* PlayerCardTeamA.swift in Sources */,
				8F186A492A7C421800C32495 /* MatchCard.swift in Sources */,
				8F7FE4A92A7D7565006D8F44 /* MatchDetail.swift in Sources */,
				8F8068572A7BDE2000AA91A6 /* HTTPMethod.swift in Sources */,
				8F8068462A7B049C00AA91A6 /* NetworkError+Extensions.swift in Sources */,
				8F80684D2A7B049C00AA91A6 /* Match.swift in Sources */,
				8F8068442A7B049C00AA91A6 /* UserDefaults+Extensions.swift in Sources */,
				8F186A4D2A7C6BC200C32495 /* Splash.swift in Sources */,
				8FDE6FF92A7AF21700908679 /* Color.swift in Sources */,
				8F8068552A7BDCE500AA91A6 /* HTTPClient.swift in Sources */,
				8F3592C62A7C17E3008A138C /* ViewRouter.swift in Sources */,
				8F8068592A7BDE4000AA91A6 /* HTTPResource.swift in Sources */,
				8F74FB452A82B24A00233A19 /* BadgeView.swift in Sources */,
				8F7FE4A52A7D3BB2006D8F44 /* MatchUseCase.swift in Sources */,
				8F8068612A7BE4BD00AA91A6 /* Constants.swift in Sources */,
			);
			runOnlyForDeploymentPostprocessing = 0;
		};
		8FDE6FD62A7AF09000908679 /* Sources */ = {
			isa = PBXSourcesBuildPhase;
			buildActionMask = 2147483647;
			files = (
				8F74FB4E2A82D13B00233A19 /* PlayerCardTeamA.swift in Sources */,
				8F74FB462A82B24A00233A19 /* BadgeView.swift in Sources */,
				8FDE6FDF2A7AF09000908679 /* FuzeCSMatchTests.swift in Sources */,
				8F74FB4A2A82BDB400233A19 /* ColectionReusableView+Extensions.swift in Sources */,
				8F3024552A841A280018D39C /* Color.swift in Sources */,
			);
			runOnlyForDeploymentPostprocessing = 0;
		};
		8FDE6FE02A7AF09000908679 /* Sources */ = {
			isa = PBXSourcesBuildPhase;
			buildActionMask = 2147483647;
			files = (
				8F74FB472A82B24A00233A19 /* BadgeView.swift in Sources */,
				8FDE6FEB2A7AF09000908679 /* FuzeCSMatchUITestsLaunchTests.swift in Sources */,
				8F3024562A841A290018D39C /* Color.swift in Sources */,
				8F74FB4F2A82D13B00233A19 /* PlayerCardTeamA.swift in Sources */,
				8F74FB4B2A82BDB400233A19 /* ColectionReusableView+Extensions.swift in Sources */,
				8FDE6FE92A7AF09000908679 /* FuzeCSMatchUITests.swift in Sources */,
			);
			runOnlyForDeploymentPostprocessing = 0;
		};
/* End PBXSourcesBuildPhase section */

/* Begin PBXTargetDependency section */
		8FDE6FDC2A7AF09000908679 /* PBXTargetDependency */ = {
			isa = PBXTargetDependency;
			target = 8FDE6FC92A7AF08E00908679 /* FuzeCSMatch */;
			targetProxy = 8FDE6FDB2A7AF09000908679 /* PBXContainerItemProxy */;
		};
		8FDE6FE62A7AF09000908679 /* PBXTargetDependency */ = {
			isa = PBXTargetDependency;
			target = 8FDE6FC92A7AF08E00908679 /* FuzeCSMatch */;
			targetProxy = 8FDE6FE52A7AF09000908679 /* PBXContainerItemProxy */;
		};
/* End PBXTargetDependency section */

/* Begin XCBuildConfiguration section */
		8FDE6FEC2A7AF09000908679 /* Debug */ = {
			isa = XCBuildConfiguration;
			buildSettings = {
				ALWAYS_SEARCH_USER_PATHS = NO;
				CLANG_ANALYZER_NONNULL = YES;
				CLANG_ANALYZER_NUMBER_OBJECT_CONVERSION = YES_AGGRESSIVE;
				CLANG_CXX_LANGUAGE_STANDARD = "gnu++20";
				CLANG_ENABLE_MODULES = YES;
				CLANG_ENABLE_OBJC_ARC = YES;
				CLANG_ENABLE_OBJC_WEAK = YES;
				CLANG_WARN_BLOCK_CAPTURE_AUTORELEASING = YES;
				CLANG_WARN_BOOL_CONVERSION = YES;
				CLANG_WARN_COMMA = YES;
				CLANG_WARN_CONSTANT_CONVERSION = YES;
				CLANG_WARN_DEPRECATED_OBJC_IMPLEMENTATIONS = YES;
				CLANG_WARN_DIRECT_OBJC_ISA_USAGE = YES_ERROR;
				CLANG_WARN_DOCUMENTATION_COMMENTS = YES;
				CLANG_WARN_EMPTY_BODY = YES;
				CLANG_WARN_ENUM_CONVERSION = YES;
				CLANG_WARN_INFINITE_RECURSION = YES;
				CLANG_WARN_INT_CONVERSION = YES;
				CLANG_WARN_NON_LITERAL_NULL_CONVERSION = YES;
				CLANG_WARN_OBJC_IMPLICIT_RETAIN_SELF = YES;
				CLANG_WARN_OBJC_LITERAL_CONVERSION = YES;
				CLANG_WARN_OBJC_ROOT_CLASS = YES_ERROR;
				CLANG_WARN_QUOTED_INCLUDE_IN_FRAMEWORK_HEADER = YES;
				CLANG_WARN_RANGE_LOOP_ANALYSIS = YES;
				CLANG_WARN_STRICT_PROTOTYPES = YES;
				CLANG_WARN_SUSPICIOUS_MOVE = YES;
				CLANG_WARN_UNGUARDED_AVAILABILITY = YES_AGGRESSIVE;
				CLANG_WARN_UNREACHABLE_CODE = YES;
				CLANG_WARN__DUPLICATE_METHOD_MATCH = YES;
				COPY_PHASE_STRIP = NO;
				DEBUG_INFORMATION_FORMAT = dwarf;
				ENABLE_STRICT_OBJC_MSGSEND = YES;
				ENABLE_TESTABILITY = YES;
				GCC_C_LANGUAGE_STANDARD = gnu11;
				GCC_DYNAMIC_NO_PIC = NO;
				GCC_NO_COMMON_BLOCKS = YES;
				GCC_OPTIMIZATION_LEVEL = 0;
				GCC_PREPROCESSOR_DEFINITIONS = (
					"DEBUG=1",
					"$(inherited)",
				);
				GCC_WARN_64_TO_32_BIT_CONVERSION = YES;
				GCC_WARN_ABOUT_RETURN_TYPE = YES_ERROR;
				GCC_WARN_UNDECLARED_SELECTOR = YES;
				GCC_WARN_UNINITIALIZED_AUTOS = YES_AGGRESSIVE;
				GCC_WARN_UNUSED_FUNCTION = YES;
				GCC_WARN_UNUSED_VARIABLE = YES;
				IPHONEOS_DEPLOYMENT_TARGET = 16.4;
				MTL_ENABLE_DEBUG_INFO = INCLUDE_SOURCE;
				MTL_FAST_MATH = YES;
				ONLY_ACTIVE_ARCH = YES;
				SDKROOT = iphoneos;
				SWIFT_ACTIVE_COMPILATION_CONDITIONS = DEBUG;
				SWIFT_OPTIMIZATION_LEVEL = "-Onone";
			};
			name = Debug;
		};
		8FDE6FED2A7AF09000908679 /* Release */ = {
			isa = XCBuildConfiguration;
			buildSettings = {
				ALWAYS_SEARCH_USER_PATHS = NO;
				CLANG_ANALYZER_NONNULL = YES;
				CLANG_ANALYZER_NUMBER_OBJECT_CONVERSION = YES_AGGRESSIVE;
				CLANG_CXX_LANGUAGE_STANDARD = "gnu++20";
				CLANG_ENABLE_MODULES = YES;
				CLANG_ENABLE_OBJC_ARC = YES;
				CLANG_ENABLE_OBJC_WEAK = YES;
				CLANG_WARN_BLOCK_CAPTURE_AUTORELEASING = YES;
				CLANG_WARN_BOOL_CONVERSION = YES;
				CLANG_WARN_COMMA = YES;
				CLANG_WARN_CONSTANT_CONVERSION = YES;
				CLANG_WARN_DEPRECATED_OBJC_IMPLEMENTATIONS = YES;
				CLANG_WARN_DIRECT_OBJC_ISA_USAGE = YES_ERROR;
				CLANG_WARN_DOCUMENTATION_COMMENTS = YES;
				CLANG_WARN_EMPTY_BODY = YES;
				CLANG_WARN_ENUM_CONVERSION = YES;
				CLANG_WARN_INFINITE_RECURSION = YES;
				CLANG_WARN_INT_CONVERSION = YES;
				CLANG_WARN_NON_LITERAL_NULL_CONVERSION = YES;
				CLANG_WARN_OBJC_IMPLICIT_RETAIN_SELF = YES;
				CLANG_WARN_OBJC_LITERAL_CONVERSION = YES;
				CLANG_WARN_OBJC_ROOT_CLASS = YES_ERROR;
				CLANG_WARN_QUOTED_INCLUDE_IN_FRAMEWORK_HEADER = YES;
				CLANG_WARN_RANGE_LOOP_ANALYSIS = YES;
				CLANG_WARN_STRICT_PROTOTYPES = YES;
				CLANG_WARN_SUSPICIOUS_MOVE = YES;
				CLANG_WARN_UNGUARDED_AVAILABILITY = YES_AGGRESSIVE;
				CLANG_WARN_UNREACHABLE_CODE = YES;
				CLANG_WARN__DUPLICATE_METHOD_MATCH = YES;
				COPY_PHASE_STRIP = NO;
				DEBUG_INFORMATION_FORMAT = "dwarf-with-dsym";
				ENABLE_NS_ASSERTIONS = NO;
				ENABLE_STRICT_OBJC_MSGSEND = YES;
				GCC_C_LANGUAGE_STANDARD = gnu11;
				GCC_NO_COMMON_BLOCKS = YES;
				GCC_WARN_64_TO_32_BIT_CONVERSION = YES;
				GCC_WARN_ABOUT_RETURN_TYPE = YES_ERROR;
				GCC_WARN_UNDECLARED_SELECTOR = YES;
				GCC_WARN_UNINITIALIZED_AUTOS = YES_AGGRESSIVE;
				GCC_WARN_UNUSED_FUNCTION = YES;
				GCC_WARN_UNUSED_VARIABLE = YES;
				IPHONEOS_DEPLOYMENT_TARGET = 16.4;
				MTL_ENABLE_DEBUG_INFO = NO;
				MTL_FAST_MATH = YES;
				SDKROOT = iphoneos;
				SWIFT_COMPILATION_MODE = wholemodule;
				SWIFT_OPTIMIZATION_LEVEL = "-O";
				VALIDATE_PRODUCT = YES;
			};
			name = Release;
		};
		8FDE6FEF2A7AF09000908679 /* Debug */ = {
			isa = XCBuildConfiguration;
			buildSettings = {
				ASSETCATALOG_COMPILER_APPICON_NAME = AppIcon;
				ASSETCATALOG_COMPILER_GLOBAL_ACCENT_COLOR_NAME = AccentColor;
				CODE_SIGN_STYLE = Automatic;
				CURRENT_PROJECT_VERSION = 1;
				DEVELOPMENT_ASSET_PATHS = "\"FuzeCSMatch/Preview Content\"";
				DEVELOPMENT_TEAM = NXZ6YP6W9M;
				ENABLE_PREVIEWS = YES;
				GENERATE_INFOPLIST_FILE = YES;
				INFOPLIST_FILE = FuzeCSMatch/Info.plist;
				INFOPLIST_KEY_UIApplicationSceneManifest_Generation = YES;
				INFOPLIST_KEY_UIApplicationSupportsIndirectInputEvents = YES;
				INFOPLIST_KEY_UILaunchScreen_Generation = YES;
				INFOPLIST_KEY_UISupportedInterfaceOrientations_iPad = "UIInterfaceOrientationPortrait UIInterfaceOrientationPortraitUpsideDown UIInterfaceOrientationLandscapeLeft UIInterfaceOrientationLandscapeRight";
				INFOPLIST_KEY_UISupportedInterfaceOrientations_iPhone = "UIInterfaceOrientationPortrait UIInterfaceOrientationLandscapeLeft UIInterfaceOrientationLandscapeRight";
				LD_RUNPATH_SEARCH_PATHS = (
					"$(inherited)",
					"@executable_path/Frameworks",
				);
				MARKETING_VERSION = 1.0;
				PRODUCT_BUNDLE_IDENTIFIER = tr.FuzeCSMatch;
				PRODUCT_NAME = "$(TARGET_NAME)";
				SWIFT_EMIT_LOC_STRINGS = YES;
				SWIFT_VERSION = 5.0;
				TARGETED_DEVICE_FAMILY = "1,2";
			};
			name = Debug;
		};
		8FDE6FF02A7AF09000908679 /* Release */ = {
			isa = XCBuildConfiguration;
			buildSettings = {
				ASSETCATALOG_COMPILER_APPICON_NAME = AppIcon;
				ASSETCATALOG_COMPILER_GLOBAL_ACCENT_COLOR_NAME = AccentColor;
				CODE_SIGN_STYLE = Automatic;
				CURRENT_PROJECT_VERSION = 1;
				DEVELOPMENT_ASSET_PATHS = "\"FuzeCSMatch/Preview Content\"";
				DEVELOPMENT_TEAM = NXZ6YP6W9M;
				ENABLE_PREVIEWS = YES;
				GENERATE_INFOPLIST_FILE = YES;
				INFOPLIST_FILE = FuzeCSMatch/Info.plist;
				INFOPLIST_KEY_UIApplicationSceneManifest_Generation = YES;
				INFOPLIST_KEY_UIApplicationSupportsIndirectInputEvents = YES;
				INFOPLIST_KEY_UILaunchScreen_Generation = YES;
				INFOPLIST_KEY_UISupportedInterfaceOrientations_iPad = "UIInterfaceOrientationPortrait UIInterfaceOrientationPortraitUpsideDown UIInterfaceOrientationLandscapeLeft UIInterfaceOrientationLandscapeRight";
				INFOPLIST_KEY_UISupportedInterfaceOrientations_iPhone = "UIInterfaceOrientationPortrait UIInterfaceOrientationLandscapeLeft UIInterfaceOrientationLandscapeRight";
				LD_RUNPATH_SEARCH_PATHS = (
					"$(inherited)",
					"@executable_path/Frameworks",
				);
				MARKETING_VERSION = 1.0;
				PRODUCT_BUNDLE_IDENTIFIER = tr.FuzeCSMatch;
				PRODUCT_NAME = "$(TARGET_NAME)";
				SWIFT_EMIT_LOC_STRINGS = YES;
				SWIFT_VERSION = 5.0;
				TARGETED_DEVICE_FAMILY = "1,2";
			};
			name = Release;
		};
		8FDE6FF22A7AF09000908679 /* Debug */ = {
			isa = XCBuildConfiguration;
			buildSettings = {
				ALWAYS_EMBED_SWIFT_STANDARD_LIBRARIES = YES;
				BUNDLE_LOADER = "$(TEST_HOST)";
				CODE_SIGN_STYLE = Automatic;
				CURRENT_PROJECT_VERSION = 1;
				GENERATE_INFOPLIST_FILE = YES;
				IPHONEOS_DEPLOYMENT_TARGET = 16.4;
				MARKETING_VERSION = 1.0;
				PRODUCT_BUNDLE_IDENTIFIER = tr.FuzeCSMatchTests;
				PRODUCT_NAME = "$(TARGET_NAME)";
				SWIFT_EMIT_LOC_STRINGS = NO;
				SWIFT_VERSION = 5.0;
				TARGETED_DEVICE_FAMILY = "1,2";
				TEST_HOST = "$(BUILT_PRODUCTS_DIR)/FuzeCSMatch.app/$(BUNDLE_EXECUTABLE_FOLDER_PATH)/FuzeCSMatch";
			};
			name = Debug;
		};
		8FDE6FF32A7AF09000908679 /* Release */ = {
			isa = XCBuildConfiguration;
			buildSettings = {
				ALWAYS_EMBED_SWIFT_STANDARD_LIBRARIES = YES;
				BUNDLE_LOADER = "$(TEST_HOST)";
				CODE_SIGN_STYLE = Automatic;
				CURRENT_PROJECT_VERSION = 1;
				GENERATE_INFOPLIST_FILE = YES;
				IPHONEOS_DEPLOYMENT_TARGET = 16.4;
				MARKETING_VERSION = 1.0;
				PRODUCT_BUNDLE_IDENTIFIER = tr.FuzeCSMatchTests;
				PRODUCT_NAME = "$(TARGET_NAME)";
				SWIFT_EMIT_LOC_STRINGS = NO;
				SWIFT_VERSION = 5.0;
				TARGETED_DEVICE_FAMILY = "1,2";
				TEST_HOST = "$(BUILT_PRODUCTS_DIR)/FuzeCSMatch.app/$(BUNDLE_EXECUTABLE_FOLDER_PATH)/FuzeCSMatch";
			};
			name = Release;
		};
		8FDE6FF52A7AF09000908679 /* Debug */ = {
			isa = XCBuildConfiguration;
			buildSettings = {
				ALWAYS_EMBED_SWIFT_STANDARD_LIBRARIES = YES;
				CODE_SIGN_STYLE = Automatic;
				CURRENT_PROJECT_VERSION = 1;
				GENERATE_INFOPLIST_FILE = YES;
				MARKETING_VERSION = 1.0;
				PRODUCT_BUNDLE_IDENTIFIER = tr.FuzeCSMatchUITests;
				PRODUCT_NAME = "$(TARGET_NAME)";
				SWIFT_EMIT_LOC_STRINGS = NO;
				SWIFT_VERSION = 5.0;
				TARGETED_DEVICE_FAMILY = "1,2";
				TEST_TARGET_NAME = FuzeCSMatch;
			};
			name = Debug;
		};
		8FDE6FF62A7AF09000908679 /* Release */ = {
			isa = XCBuildConfiguration;
			buildSettings = {
				ALWAYS_EMBED_SWIFT_STANDARD_LIBRARIES = YES;
				CODE_SIGN_STYLE = Automatic;
				CURRENT_PROJECT_VERSION = 1;
				GENERATE_INFOPLIST_FILE = YES;
				MARKETING_VERSION = 1.0;
				PRODUCT_BUNDLE_IDENTIFIER = tr.FuzeCSMatchUITests;
				PRODUCT_NAME = "$(TARGET_NAME)";
				SWIFT_EMIT_LOC_STRINGS = NO;
				SWIFT_VERSION = 5.0;
				TARGETED_DEVICE_FAMILY = "1,2";
				TEST_TARGET_NAME = FuzeCSMatch;
			};
			name = Release;
		};
/* End XCBuildConfiguration section */

/* Begin XCConfigurationList section */
		8FDE6FC52A7AF08E00908679 /* Build configuration list for PBXProject "FuzeCSMatch" */ = {
			isa = XCConfigurationList;
			buildConfigurations = (
				8FDE6FEC2A7AF09000908679 /* Debug */,
				8FDE6FED2A7AF09000908679 /* Release */,
			);
			defaultConfigurationIsVisible = 0;
			defaultConfigurationName = Release;
		};
		8FDE6FEE2A7AF09000908679 /* Build configuration list for PBXNativeTarget "FuzeCSMatch" */ = {
			isa = XCConfigurationList;
			buildConfigurations = (
				8FDE6FEF2A7AF09000908679 /* Debug */,
				8FDE6FF02A7AF09000908679 /* Release */,
			);
			defaultConfigurationIsVisible = 0;
			defaultConfigurationName = Release;
		};
		8FDE6FF12A7AF09000908679 /* Build configuration list for PBXNativeTarget "FuzeCSMatchTests" */ = {
			isa = XCConfigurationList;
			buildConfigurations = (
				8FDE6FF22A7AF09000908679 /* Debug */,
				8FDE6FF32A7AF09000908679 /* Release */,
			);
			defaultConfigurationIsVisible = 0;
			defaultConfigurationName = Release;
		};
		8FDE6FF42A7AF09000908679 /* Build configuration list for PBXNativeTarget "FuzeCSMatchUITests" */ = {
			isa = XCConfigurationList;
			buildConfigurations = (
				8FDE6FF52A7AF09000908679 /* Debug */,
				8FDE6FF62A7AF09000908679 /* Release */,
			);
			defaultConfigurationIsVisible = 0;
			defaultConfigurationName = Release;
		};
/* End XCConfigurationList section */
	};
	rootObject = 8FDE6FC22A7AF08E00908679 /* Project object */;
}
