// !$*UTF8*$!
{
	archiveVersion = 1;
	classes = {
	};
	objectVersion = 56;
	objects = {

/* Begin PBXBuildFile section */
		8FDE6FCE2A7AF08F00908679 /* FuzeCSMatchApp.swift in Sources */ = {isa = PBXBuildFile; fileRef = 8FDE6FCD2A7AF08F00908679 /* FuzeCSMatchApp.swift */; };
		8FDE6FD02A7AF08F00908679 /* ContentView.swift in Sources */ = {isa = PBXBuildFile; fileRef = 8FDE6FCF2A7AF08F00908679 /* ContentView.swift */; };
		8FDE6FD22A7AF09000908679 /* Assets.xcassets in Resources */ = {isa = PBXBuildFile; fileRef = 8FDE6FD12A7AF09000908679 /* Assets.xcassets */; };
		8FDE6FD52A7AF09000908679 /* Preview Assets.xcassets in Resources */ = {isa = PBXBuildFile; fileRef = 8FDE6FD42A7AF09000908679 /* Preview Assets.xcassets */; };
		8FDE6FDF2A7AF09000908679 /* FuzeCSMatchTests.swift in Sources */ = {isa = PBXBuildFile; fileRef = 8FDE6FDE2A7AF09000908679 /* FuzeCSMatchTests.swift */; };
		8FDE6FE92A7AF09000908679 /* FuzeCSMatchUITests.swift in Sources */ = {isa = PBXBuildFile; fileRef = 8FDE6FE82A7AF09000908679 /* FuzeCSMatchUITests.swift */; };
		8FDE6FEB2A7AF09000908679 /* FuzeCSMatchUITestsLaunchTests.swift in Sources */ = {isa = PBXBuildFile; fileRef = 8FDE6FEA2A7AF09000908679 /* FuzeCSMatchUITestsLaunchTests.swift */; };
/* End PBXBuildFile section */

/* Begin PBXContainerItemProxy section */
		8FDE6FDB2A7AF09000908679 /* PBXContainerItemProxy */ = {
			isa = PBXContainerItemProxy;
			containerPortal = 8FDE6FC22A7AF08E00908679 /* Project object */;
			proxyType = 1;
			remoteGlobalIDString = 8FDE6FC92A7AF08E00908679;
			remoteInfo = FuzeCSMatch;
		};
		8FDE6FE52A7AF09000908679 /* PBXContainerItemProxy */ = {
			isa = PBXContainerItemProxy;
			containerPortal = 8FDE6FC22A7AF08E00908679 /* Project object */;
			proxyType = 1;
			remoteGlobalIDString = 8FDE6FC92A7AF08E00908679;
			remoteInfo = FuzeCSMatch;
		};
/* End PBXContainerItemProxy section */

/* Begin PBXFileReference section */
		8FDE6FCA2A7AF08F00908679 /* FuzeCSMatch.app */ = {isa = PBXFileReference; explicitFileType = wrapper.application; includeInIndex = 0; path = FuzeCSMatch.app; sourceTree = BUILT_PRODUCTS_DIR; };
		8FDE6FCD2A7AF08F00908679 /* FuzeCSMatchApp.swift */ = {isa = PBXFileReference; lastKnownFileType = sourcecode.swift; path = FuzeCSMatchApp.swift; sourceTree = "<group>"; };
		8FDE6FCF2A7AF08F00908679 /* ContentView.swift */ = {isa = PBXFileReference; lastKnownFileType = sourcecode.swift; path = ContentView.swift; sourceTree = "<group>"; };
		8FDE6FD12A7AF09000908679 /* Assets.xcassets */ = {isa = PBXFileReference; lastKnownFileType = folder.assetcatalog; path = Assets.xcassets; sourceTree = "<group>"; };
		8FDE6FD42A7AF09000908679 /* Preview Assets.xcassets */ = {isa = PBXFileReference; lastKnownFileType = folder.assetcatalog; path = "Preview Assets.xcassets"; sourceTree = "<group>"; };
		8FDE6FDA2A7AF09000908679 /* FuzeCSMatchTests.xctest */ = {isa = PBXFileReference; explicitFileType = wrapper.cfbundle; includeInIndex = 0; path = FuzeCSMatchTests.xctest; sourceTree = BUILT_PRODUCTS_DIR; };
		8FDE6FDE2A7AF09000908679 /* FuzeCSMatchTests.swift */ = {isa = PBXFileReference; lastKnownFileType = sourcecode.swift; path = FuzeCSMatchTests.swift; sourceTree = "<group>"; };
		8FDE6FE42A7AF09000908679 /* FuzeCSMatchUITests.xctest */ = {isa = PBXFileReference; explicitFileType = wrapper.cfbundle; includeInIndex = 0; path = FuzeCSMatchUITests.xctest; sourceTree = BUILT_PRODUCTS_DIR; };
		8FDE6FE82A7AF09000908679 /* FuzeCSMatchUITests.swift */ = {isa = PBXFileReference; lastKnownFileType = sourcecode.swift; path = FuzeCSMatchUITests.swift; sourceTree = "<group>"; };
		8FDE6FEA2A7AF09000908679 /* FuzeCSMatchUITestsLaunchTests.swift */ = {isa = PBXFileReference; lastKnownFileType = sourcecode.swift; path = FuzeCSMatchUITestsLaunchTests.swift; sourceTree = "<group>"; };
/* End PBXFileReference section */

/* Begin PBXFrameworksBuildPhase section */
		8FDE6FC72A7AF08E00908679 /* Frameworks */ = {
			isa = PBXFrameworksBuildPhase;
			buildActionMask = 2147483647;
			files = (
			);
			runOnlyForDeploymentPostprocessing = 0;
		};
		8FDE6FD72A7AF09000908679 /* Frameworks */ = {
			isa = PBXFrameworksBuildPhase;
			buildActionMask = 2147483647;
			files = (
			);
			runOnlyForDeploymentPostprocessing = 0;
		};
		8FDE6FE12A7AF09000908679 /* Frameworks */ = {
			isa = PBXFrameworksBuildPhase;
			buildActionMask = 2147483647;
			files = (
			);
			runOnlyForDeploymentPostprocessing = 0;
		};
/* End PBXFrameworksBuildPhase section */

/* Begin PBXGroup section */
		8FDE6FC12A7AF08E00908679 = {
			isa = PBXGroup;
			children = (
				8FDE6FCC2A7AF08F00908679 /* FuzeCSMatch */,
				8FDE6FDD2A7AF09000908679 /* FuzeCSMatchTests */,
				8FDE6FE72A7AF09000908679 /* FuzeCSMatchUITests */,
				8FDE6FCB2A7AF08F00908679 /* Products */,
			);
			sourceTree = "<group>";
		};
		8FDE6FCB2A7AF08F00908679 /* Products */ = {
			isa = PBXGroup;
			children = (
				8FDE6FCA2A7AF08F00908679 /* FuzeCSMatch.app */,
				8FDE6FDA2A7AF09000908679 /* FuzeCSMatchTests.xctest */,
				8FDE6FE42A7AF09000908679 /* FuzeCSMatchUITests.xctest */,
			);
			name = Products;
			sourceTree = "<group>";
		};
		8FDE6FCC2A7AF08F00908679 /* FuzeCSMatch */ = {
			isa = PBXGroup;
			children = (
				8FDE6FCD2A7AF08F00908679 /* FuzeCSMatchApp.swift */,
				8FDE6FCF2A7AF08F00908679 /* ContentView.swift */,
				8FDE6FD12A7AF09000908679 /* Assets.xcassets */,
				8FDE6FD32A7AF09000908679 /* Preview Content */,
			);
			path = FuzeCSMatch;
			sourceTree = "<group>";
		};
		8FDE6FD32A7AF09000908679 /* Preview Content */ = {
			isa = PBXGroup;
			children = (
				8FDE6FD42A7AF09000908679 /* Preview Assets.xcassets */,
			);
			path = "Preview Content";
			sourceTree = "<group>";
		};
		8FDE6FDD2A7AF09000908679 /* FuzeCSMatchTests */ = {
			isa = PBXGroup;
			children = (
				8FDE6FDE2A7AF09000908679 /* FuzeCSMatchTests.swift */,
			);
			path = FuzeCSMatchTests;
			sourceTree = "<group>";
		};
		8FDE6FE72A7AF09000908679 /* FuzeCSMatchUITests */ = {
			isa = PBXGroup;
			children = (
				8FDE6FE82A7AF09000908679 /* FuzeCSMatchUITests.swift */,
				8FDE6FEA2A7AF09000908679 /* FuzeCSMatchUITestsLaunchTests.swift */,
			);
			path = FuzeCSMatchUITests;
			sourceTree = "<group>";
		};
/* End PBXGroup section */

/* Begin PBXNativeTarget section */
		8FDE6FC92A7AF08E00908679 /* FuzeCSMatch */ = {
			isa = PBXNativeTarget;
			buildConfigurationList = 8FDE6FEE2A7AF09000908679 /* Build configuration list for PBXNativeTarget "FuzeCSMatch" */;
			buildPhases = (
				8FDE6FC62A7AF08E00908679 /* Sources */,
				8FDE6FC72A7AF08E00908679 /* Frameworks */,
				8FDE6FC82A7AF08E00908679 /* Resources */,
			);
			buildRules = (
			);
			dependencies = (
			);
			name = FuzeCSMatch;
			productName = FuzeCSMatch;
			productReference = 8FDE6FCA2A7AF08F00908679 /* FuzeCSMatch.app */;
			productType = "com.apple.product-type.application";
		};
		8FDE6FD92A7AF09000908679 /* FuzeCSMatchTests */ = {
			isa = PBXNativeTarget;
			buildConfigurationList = 8FDE6FF12A7AF09000908679 /* Build configuration list for PBXNativeTarget "FuzeCSMatchTests" */;
			buildPhases = (
				8FDE6FD62A7AF09000908679 /* Sources */,
				8FDE6FD72A7AF09000908679 /* Frameworks */,
				8FDE6FD82A7AF09000908679 /* Resources */,
			);
			buildRules = (
			);
			dependencies = (
				8FDE6FDC2A7AF09000908679 /* PBXTargetDependency */,
			);
			name = FuzeCSMatchTests;
			productName = FuzeCSMatchTests;
			productReference = 8FDE6FDA2A7AF09000908679 /* FuzeCSMatchTests.xctest */;
			productType = "com.apple.product-type.bundle.unit-test";
		};
		8FDE6FE32A7AF09000908679 /* FuzeCSMatchUITests */ = {
			isa = PBXNativeTarget;
			buildConfigurationList = 8FDE6FF42A7AF09000908679 /* Build configuration list for PBXNativeTarget "FuzeCSMatchUITests" */;
			buildPhases = (
				8FDE6FE02A7AF09000908679 /* Sources */,
				8FDE6FE12A7AF09000908679 /* Frameworks */,
				8FDE6FE22A7AF09000908679 /* Resources */,
			);
			buildRules = (
			);
			dependencies = (
				8FDE6FE62A7AF09000908679 /* PBXTargetDependency */,
			);
			name = FuzeCSMatchUITests;
			productName = FuzeCSMatchUITests;
			productReference = 8FDE6FE42A7AF09000908679 /* FuzeCSMatchUITests.xctest */;
			productType = "com.apple.product-type.bundle.ui-testing";
		};
/* End PBXNativeTarget section */

/* Begin PBXProject section */
		8FDE6FC22A7AF08E00908679 /* Project object */ = {
			isa = PBXProject;
			attributes = {
				BuildIndependentTargetsInParallel = 1;
				LastSwiftUpdateCheck = 1430;
				LastUpgradeCheck = 1430;
				TargetAttributes = {
					8FDE6FC92A7AF08E00908679 = {
						CreatedOnToolsVersion = 14.3.1;
					};
					8FDE6FD92A7AF09000908679 = {
						CreatedOnToolsVersion = 14.3.1;
						TestTargetID = 8FDE6FC92A7AF08E00908679;
					};
					8FDE6FE32A7AF09000908679 = {
						CreatedOnToolsVersion = 14.3.1;
						TestTargetID = 8FDE6FC92A7AF08E00908679;
					};
				};
			};
			buildConfigurationList = 8FDE6FC52A7AF08E00908679 /* Build configuration list for PBXProject "FuzeCSMatch" */;
			compatibilityVersion = "Xcode 14.0";
			developmentRegion = en;
			hasScannedForEncodings = 0;
			knownRegions = (
				en,
				Base,
			);
			mainGroup = 8FDE6FC12A7AF08E00908679;
			productRefGroup = 8FDE6FCB2A7AF08F00908679 /* Products */;
			projectDirPath = "";
			projectRoot = "";
			targets = (
				8FDE6FC92A7AF08E00908679 /* FuzeCSMatch */,
				8FDE6FD92A7AF09000908679 /* FuzeCSMatchTests */,
				8FDE6FE32A7AF09000908679 /* FuzeCSMatchUITests */,
			);
		};
/* End PBXProject section */

/* Begin PBXResourcesBuildPhase section */
		8FDE6FC82A7AF08E00908679 /* Resources */ = {
			isa = PBXResourcesBuildPhase;
			buildActionMask = 2147483647;
			files = (
				8FDE6FD52A7AF09000908679 /* Preview Assets.xcassets in Resources */,
				8FDE6FD22A7AF09000908679 /* Assets.xcassets in Resources */,
			);
			runOnlyForDeploymentPostprocessing = 0;
		};
		8FDE6FD82A7AF09000908679 /* Resources */ = {
			isa = PBXResourcesBuildPhase;
			buildActionMask = 2147483647;
			files = (
			);
			runOnlyForDeploymentPostprocessing = 0;
		};
		8FDE6FE22A7AF09000908679 /* Resources */ = {
			isa = PBXResourcesBuildPhase;
			buildActionMask = 2147483647;
			files = (
			);
			runOnlyForDeploymentPostprocessing = 0;
		};
/* End PBXResourcesBuildPhase section */

/* Begin PBXSourcesBuildPhase section */
		8FDE6FC62A7AF08E00908679 /* Sources */ = {
			isa = PBXSourcesBuildPhase;
			buildActionMask = 2147483647;
			files = (
				8FDE6FD02A7AF08F00908679 /* ContentView.swift in Sources */,
				8FDE6FCE2A7AF08F00908679 /* FuzeCSMatchApp.swift in Sources */,
			);
			runOnlyForDeploymentPostprocessing = 0;
		};
		8FDE6FD62A7AF09000908679 /* Sources */ = {
			isa = PBXSourcesBuildPhase;
			buildActionMask = 2147483647;
			files = (
				8FDE6FDF2A7AF09000908679 /* FuzeCSMatchTests.swift in Sources */,
			);
			runOnlyForDeploymentPostprocessing = 0;
		};
		8FDE6FE02A7AF09000908679 /* Sources */ = {
			isa = PBXSourcesBuildPhase;
			buildActionMask = 2147483647;
			files = (
				8FDE6FEB2A7AF09000908679 /* FuzeCSMatchUITestsLaunchTests.swift in Sources */,
				8FDE6FE92A7AF09000908679 /* FuzeCSMatchUITests.swift in Sources */,
			);
			runOnlyForDeploymentPostprocessing = 0;
		};
/* End PBXSourcesBuildPhase section */

/* Begin PBXTargetDependency section */
		8FDE6FDC2A7AF09000908679 /* PBXTargetDependency */ = {
			isa = PBXTargetDependency;
			target = 8FDE6FC92A7AF08E00908679 /* FuzeCSMatch */;
			targetProxy = 8FDE6FDB2A7AF09000908679 /* PBXContainerItemProxy */;
		};
		8FDE6FE62A7AF09000908679 /* PBXTargetDependency */ = {
			isa = PBXTargetDependency;
			target = 8FDE6FC92A7AF08E00908679 /* FuzeCSMatch */;
			targetProxy = 8FDE6FE52A7AF09000908679 /* PBXContainerItemProxy */;
		};
/* End PBXTargetDependency section */

/* Begin XCBuildConfiguration section */
		8FDE6FEC2A7AF09000908679 /* Debug */ = {
			isa = XCBuildConfiguration;
			buildSettings = {
				ALWAYS_SEARCH_USER_PATHS = NO;
				CLANG_ANALYZER_NONNULL = YES;
				CLANG_ANALYZER_NUMBER_OBJECT_CONVERSION = YES_AGGRESSIVE;
				CLANG_CXX_LANGUAGE_STANDARD = "gnu++20";
				CLANG_ENABLE_MODULES = YES;
				CLANG_ENABLE_OBJC_ARC = YES;
				CLANG_ENABLE_OBJC_WEAK = YES;
				CLANG_WARN_BLOCK_CAPTURE_AUTORELEASING = YES;
				CLANG_WARN_BOOL_CONVERSION = YES;
				CLANG_WARN_COMMA = YES;
				CLANG_WARN_CONSTANT_CONVERSION = YES;
				CLANG_WARN_DEPRECATED_OBJC_IMPLEMENTATIONS = YES;
				CLANG_WARN_DIRECT_OBJC_ISA_USAGE = YES_ERROR;
				CLANG_WARN_DOCUMENTATION_COMMENTS = YES;
				CLANG_WARN_EMPTY_BODY = YES;
				CLANG_WARN_ENUM_CONVERSION = YES;
				CLANG_WARN_INFINITE_RECURSION = YES;
				CLANG_WARN_INT_CONVERSION = YES;
				CLANG_WARN_NON_LITERAL_NULL_CONVERSION = YES;
				CLANG_WARN_OBJC_IMPLICIT_RETAIN_SELF = YES;
				CLANG_WARN_OBJC_LITERAL_CONVERSION = YES;
				CLANG_WARN_OBJC_ROOT_CLASS = YES_ERROR;
				CLANG_WARN_QUOTED_INCLUDE_IN_FRAMEWORK_HEADER = YES;
				CLANG_WARN_RANGE_LOOP_ANALYSIS = YES;
				CLANG_WARN_STRICT_PROTOTYPES = YES;
				CLANG_WARN_SUSPICIOUS_MOVE = YES;
				CLANG_WARN_UNGUARDED_AVAILABILITY = YES_AGGRESSIVE;
				CLANG_WARN_UNREACHABLE_CODE = YES;
				CLANG_WARN__DUPLICATE_METHOD_MATCH = YES;
				COPY_PHASE_STRIP = NO;
				DEBUG_INFORMATION_FORMAT = dwarf;
				ENABLE_STRICT_OBJC_MSGSEND = YES;
				ENABLE_TESTABILITY = YES;
				GCC_C_LANGUAGE_STANDARD = gnu11;
				GCC_DYNAMIC_NO_PIC = NO;
				GCC_NO_COMMON_BLOCKS = YES;
				GCC_OPTIMIZATION_LEVEL = 0;
				GCC_PREPROCESSOR_DEFINITIONS = (
					"DEBUG=1",
					"$(inherited)",
				);
				GCC_WARN_64_TO_32_BIT_CONVERSION = YES;
				GCC_WARN_ABOUT_RETURN_TYPE = YES_ERROR;
				GCC_WARN_UNDECLARED_SELECTOR = YES;
				GCC_WARN_UNINITIALIZED_AUTOS = YES_AGGRESSIVE;
				GCC_WARN_UNUSED_FUNCTION = YES;
				GCC_WARN_UNUSED_VARIABLE = YES;
				IPHONEOS_DEPLOYMENT_TARGET = 16.4;
				MTL_ENABLE_DEBUG_INFO = INCLUDE_SOURCE;
				MTL_FAST_MATH = YES;
				ONLY_ACTIVE_ARCH = YES;
				SDKROOT = iphoneos;
				SWIFT_ACTIVE_COMPILATION_CONDITIONS = DEBUG;
				SWIFT_OPTIMIZATION_LEVEL = "-Onone";
			};
			name = Debug;
		};
		8FDE6FED2A7AF09000908679 /* Release */ = {
			isa = XCBuildConfiguration;
			buildSettings = {
				ALWAYS_SEARCH_USER_PATHS = NO;
				CLANG_ANALYZER_NONNULL = YES;
				CLANG_ANALYZER_NUMBER_OBJECT_CONVERSION = YES_AGGRESSIVE;
				CLANG_CXX_LANGUAGE_STANDARD = "gnu++20";
				CLANG_ENABLE_MODULES = YES;
				CLANG_ENABLE_OBJC_ARC = YES;
				CLANG_ENABLE_OBJC_WEAK = YES;
				CLANG_WARN_BLOCK_CAPTURE_AUTORELEASING = YES;
				CLANG_WARN_BOOL_CONVERSION = YES;
				CLANG_WARN_COMMA = YES;
				CLANG_WARN_CONSTANT_CONVERSION = YES;
				CLANG_WARN_DEPRECATED_OBJC_IMPLEMENTATIONS = YES;
				CLANG_WARN_DIRECT_OBJC_ISA_USAGE = YES_ERROR;
				CLANG_WARN_DOCUMENTATION_COMMENTS = YES;
				CLANG_WARN_EMPTY_BODY = YES;
				CLANG_WARN_ENUM_CONVERSION = YES;
				CLANG_WARN_INFINITE_RECURSION = YES;
				CLANG_WARN_INT_CONVERSION = YES;
				CLANG_WARN_NON_LITERAL_NULL_CONVERSION = YES;
				CLANG_WARN_OBJC_IMPLICIT_RETAIN_SELF = YES;
				CLANG_WARN_OBJC_LITERAL_CONVERSION = YES;
				CLANG_WARN_OBJC_ROOT_CLASS = YES_ERROR;
				CLANG_WARN_QUOTED_INCLUDE_IN_FRAMEWORK_HEADER = YES;
				CLANG_WARN_RANGE_LOOP_ANALYSIS = YES;
				CLANG_WARN_STRICT_PROTOTYPES = YES;
				CLANG_WARN_SUSPICIOUS_MOVE = YES;
				CLANG_WARN_UNGUARDED_AVAILABILITY = YES_AGGRESSIVE;
				CLANG_WARN_UNREACHABLE_CODE = YES;
				CLANG_WARN__DUPLICATE_METHOD_MATCH = YES;
				COPY_PHASE_STRIP = NO;
				DEBUG_INFORMATION_FORMAT = "dwarf-with-dsym";
				ENABLE_NS_ASSERTIONS = NO;
				ENABLE_STRICT_OBJC_MSGSEND = YES;
				GCC_C_LANGUAGE_STANDARD = gnu11;
				GCC_NO_COMMON_BLOCKS = YES;
				GCC_WARN_64_TO_32_BIT_CONVERSION = YES;
				GCC_WARN_ABOUT_RETURN_TYPE = YES_ERROR;
				GCC_WARN_UNDECLARED_SELECTOR = YES;
				GCC_WARN_UNINITIALIZED_AUTOS = YES_AGGRESSIVE;
				GCC_WARN_UNUSED_FUNCTION = YES;
				GCC_WARN_UNUSED_VARIABLE = YES;
				IPHONEOS_DEPLOYMENT_TARGET = 16.4;
				MTL_ENABLE_DEBUG_INFO = NO;
				MTL_FAST_MATH = YES;
				SDKROOT = iphoneos;
				SWIFT_COMPILATION_MODE = wholemodule;
				SWIFT_OPTIMIZATION_LEVEL = "-O";
				VALIDATE_PRODUCT = YES;
			};
			name = Release;
		};
		8FDE6FEF2A7AF09000908679 /* Debug */ = {
			isa = XCBuildConfiguration;
			buildSettings = {
				ASSETCATALOG_COMPILER_APPICON_NAME = AppIcon;
				ASSETCATALOG_COMPILER_GLOBAL_ACCENT_COLOR_NAME = AccentColor;
				CODE_SIGN_STYLE = Automatic;
				CURRENT_PROJECT_VERSION = 1;
				DEVELOPMENT_ASSET_PATHS = "\"FuzeCSMatch/Preview Content\"";
				ENABLE_PREVIEWS = YES;
				GENERATE_INFOPLIST_FILE = YES;
				INFOPLIST_KEY_UIApplicationSceneManifest_Generation = YES;
				INFOPLIST_KEY_UIApplicationSupportsIndirectInputEvents = YES;
				INFOPLIST_KEY_UILaunchScreen_Generation = YES;
				INFOPLIST_KEY_UISupportedInterfaceOrientations_iPad = "UIInterfaceOrientationPortrait UIInterfaceOrientationPortraitUpsideDown UIInterfaceOrientationLandscapeLeft UIInterfaceOrientationLandscapeRight";
				INFOPLIST_KEY_UISupportedInterfaceOrientations_iPhone = "UIInterfaceOrientationPortrait UIInterfaceOrientationLandscapeLeft UIInterfaceOrientationLandscapeRight";
				LD_RUNPATH_SEARCH_PATHS = (
					"$(inherited)",
					"@executable_path/Frameworks",
				);
				MARKETING_VERSION = 1.0;
				PRODUCT_BUNDLE_IDENTIFIER = tr.FuzeCSMatch;
				PRODUCT_NAME = "$(TARGET_NAME)";
				SWIFT_EMIT_LOC_STRINGS = YES;
				SWIFT_VERSION = 5.0;
				TARGETED_DEVICE_FAMILY = "1,2";
			};
			name = Debug;
		};
		8FDE6FF02A7AF09000908679 /* Release */ = {
			isa = XCBuildConfiguration;
			buildSettings = {
				ASSETCATALOG_COMPILER_APPICON_NAME = AppIcon;
				ASSETCATALOG_COMPILER_GLOBAL_ACCENT_COLOR_NAME = AccentColor;
				CODE_SIGN_STYLE = Automatic;
				CURRENT_PROJECT_VERSION = 1;
				DEVELOPMENT_ASSET_PATHS = "\"FuzeCSMatch/Preview Content\"";
				ENABLE_PREVIEWS = YES;
				GENERATE_INFOPLIST_FILE = YES;
				INFOPLIST_KEY_UIApplicationSceneManifest_Generation = YES;
				INFOPLIST_KEY_UIApplicationSupportsIndirectInputEvents = YES;
				INFOPLIST_KEY_UILaunchScreen_Generation = YES;
				INFOPLIST_KEY_UISupportedInterfaceOrientations_iPad = "UIInterfaceOrientationPortrait UIInterfaceOrientationPortraitUpsideDown UIInterfaceOrientationLandscapeLeft UIInterfaceOrientationLandscapeRight";
				INFOPLIST_KEY_UISupportedInterfaceOrientations_iPhone = "UIInterfaceOrientationPortrait UIInterfaceOrientationLandscapeLeft UIInterfaceOrientationLandscapeRight";
				LD_RUNPATH_SEARCH_PATHS = (
					"$(inherited)",
					"@executable_path/Frameworks",
				);
				MARKETING_VERSION = 1.0;
				PRODUCT_BUNDLE_IDENTIFIER = tr.FuzeCSMatch;
				PRODUCT_NAME = "$(TARGET_NAME)";
				SWIFT_EMIT_LOC_STRINGS = YES;
				SWIFT_VERSION = 5.0;
				TARGETED_DEVICE_FAMILY = "1,2";
			};
			name = Release;
		};
		8FDE6FF22A7AF09000908679 /* Debug */ = {
			isa = XCBuildConfiguration;
			buildSettings = {
				ALWAYS_EMBED_SWIFT_STANDARD_LIBRARIES = YES;
				BUNDLE_LOADER = "$(TEST_HOST)";
				CODE_SIGN_STYLE = Automatic;
				CURRENT_PROJECT_VERSION = 1;
				GENERATE_INFOPLIST_FILE = YES;
				IPHONEOS_DEPLOYMENT_TARGET = 16.4;
				MARKETING_VERSION = 1.0;
				PRODUCT_BUNDLE_IDENTIFIER = tr.FuzeCSMatchTests;
				PRODUCT_NAME = "$(TARGET_NAME)";
				SWIFT_EMIT_LOC_STRINGS = NO;
				SWIFT_VERSION = 5.0;
				TARGETED_DEVICE_FAMILY = "1,2";
				TEST_HOST = "$(BUILT_PRODUCTS_DIR)/FuzeCSMatch.app/$(BUNDLE_EXECUTABLE_FOLDER_PATH)/FuzeCSMatch";
			};
			name = Debug;
		};
		8FDE6FF32A7AF09000908679 /* Release */ = {
			isa = XCBuildConfiguration;
			buildSettings = {
				ALWAYS_EMBED_SWIFT_STANDARD_LIBRARIES = YES;
				BUNDLE_LOADER = "$(TEST_HOST)";
				CODE_SIGN_STYLE = Automatic;
				CURRENT_PROJECT_VERSION = 1;
				GENERATE_INFOPLIST_FILE = YES;
				IPHONEOS_DEPLOYMENT_TARGET = 16.4;
				MARKETING_VERSION = 1.0;
				PRODUCT_BUNDLE_IDENTIFIER = tr.FuzeCSMatchTests;
				PRODUCT_NAME = "$(TARGET_NAME)";
				SWIFT_EMIT_LOC_STRINGS = NO;
				SWIFT_VERSION = 5.0;
				TARGETED_DEVICE_FAMILY = "1,2";
				TEST_HOST = "$(BUILT_PRODUCTS_DIR)/FuzeCSMatch.app/$(BUNDLE_EXECUTABLE_FOLDER_PATH)/FuzeCSMatch";
			};
			name = Release;
		};
		8FDE6FF52A7AF09000908679 /* Debug */ = {
			isa = XCBuildConfiguration;
			buildSettings = {
				ALWAYS_EMBED_SWIFT_STANDARD_LIBRARIES = YES;
				CODE_SIGN_STYLE = Automatic;
				CURRENT_PROJECT_VERSION = 1;
				GENERATE_INFOPLIST_FILE = YES;
				MARKETING_VERSION = 1.0;
				PRODUCT_BUNDLE_IDENTIFIER = tr.FuzeCSMatchUITests;
				PRODUCT_NAME = "$(TARGET_NAME)";
				SWIFT_EMIT_LOC_STRINGS = NO;
				SWIFT_VERSION = 5.0;
				TARGETED_DEVICE_FAMILY = "1,2";
				TEST_TARGET_NAME = FuzeCSMatch;
			};
			name = Debug;
		};
		8FDE6FF62A7AF09000908679 /* Release */ = {
			isa = XCBuildConfiguration;
			buildSettings = {
				ALWAYS_EMBED_SWIFT_STANDARD_LIBRARIES = YES;
				CODE_SIGN_STYLE = Automatic;
				CURRENT_PROJECT_VERSION = 1;
				GENERATE_INFOPLIST_FILE = YES;
				MARKETING_VERSION = 1.0;
				PRODUCT_BUNDLE_IDENTIFIER = tr.FuzeCSMatchUITests;
				PRODUCT_NAME = "$(TARGET_NAME)";
				SWIFT_EMIT_LOC_STRINGS = NO;
				SWIFT_VERSION = 5.0;
				TARGETED_DEVICE_FAMILY = "1,2";
				TEST_TARGET_NAME = FuzeCSMatch;
			};
			name = Release;
		};
/* End XCBuildConfiguration section */

/* Begin XCConfigurationList section */
		8FDE6FC52A7AF08E00908679 /* Build configuration list for PBXProject "FuzeCSMatch" */ = {
			isa = XCConfigurationList;
			buildConfigurations = (
				8FDE6FEC2A7AF09000908679 /* Debug */,
				8FDE6FED2A7AF09000908679 /* Release */,
			);
			defaultConfigurationIsVisible = 0;
			defaultConfigurationName = Release;
		};
		8FDE6FEE2A7AF09000908679 /* Build configuration list for PBXNativeTarget "FuzeCSMatch" */ = {
			isa = XCConfigurationList;
			buildConfigurations = (
				8FDE6FEF2A7AF09000908679 /* Debug */,
				8FDE6FF02A7AF09000908679 /* Release */,
			);
			defaultConfigurationIsVisible = 0;
			defaultConfigurationName = Release;
		};
		8FDE6FF12A7AF09000908679 /* Build configuration list for PBXNativeTarget "FuzeCSMatchTests" */ = {
			isa = XCConfigurationList;
			buildConfigurations = (
				8FDE6FF22A7AF09000908679 /* Debug */,
				8FDE6FF32A7AF09000908679 /* Release */,
			);
			defaultConfigurationIsVisible = 0;
			defaultConfigurationName = Release;
		};
		8FDE6FF42A7AF09000908679 /* Build configuration list for PBXNativeTarget "FuzeCSMatchUITests" */ = {
			isa = XCConfigurationList;
			buildConfigurations = (
				8FDE6FF52A7AF09000908679 /* Debug */,
				8FDE6FF62A7AF09000908679 /* Release */,
			);
			defaultConfigurationIsVisible = 0;
			defaultConfigurationName = Release;
		};
/* End XCConfigurationList section */
	};
	rootObject = 8FDE6FC22A7AF08E00908679 /* Project object */;
}
